
Microsoft Visual Studio Solution File, Format Version 12.00
# Visual Studio Version 17
VisualStudioVersion = 17.7.34024.191
MinimumVisualStudioVersion = 10.0.40219.1
Project("{FAE04EC0-301F-11D3-BF4B-00C04F79EFBC}") = "in-class-project", "in-class-project\in-class-project.csproj", "{55DEB173-9ADF-4E9C-BD60-FF95B49A36F4}"
EndProject
Global
	GlobalSection(SolutionConfigurationPlatforms) = preSolution
		Debug|Any CPU = Debug|Any CPU
		Release|Any CPU = Release|Any CPU
	EndGlobalSection
	GlobalSection(ProjectConfigurationPlatforms) = postSolution
		{55DEB173-9ADF-4E9C-BD60-FF95B49A36F4}.Debug|Any CPU.ActiveCfg = Debug|Any CPU
		{55DEB173-9ADF-4E9C-BD60-FF95B49A36F4}.Debug|Any CPU.Build.0 = Debug|Any CPU
		{55DEB173-9ADF-4E9C-BD60-FF95B49A36F4}.Release|Any CPU.ActiveCfg = Release|Any CPU
		{55DEB173-9ADF-4E9C-BD60-FF95B49A36F4}.Release|Any CPU.Build.0 = Release|Any CPU
	EndGlobalSection
	GlobalSection(SolutionProperties) = preSolution
		HideSolutionNode = FALSE
	EndGlobalSection
	GlobalSection(ExtensibilityGlobals) = postSolution
		SolutionGuid = {0389B7F8-B895-4DF6-9FF6-CCE8501CC43E}
	EndGlobalSection
EndGlobal
